
Microsoft Visual Studio Solution File, Format Version 12.00
# Visual Studio 15
VisualStudioVersion = 15.0.27703.2000
MinimumVisualStudioVersion = 10.0.40219.1
Project("{FAE04EC0-301F-11D3-BF4B-00C04F79EFBC}") = "Northwind2", "Northwind2\Northwind2.csproj", "{0FE64629-043D-484A-955A-39DCECBC81A7}"
EndProject
Project("{2150E333-8FDC-42A3-9474-1A3956D46DE8}") = "Src", "Src", "{A1C75430-A732-47D4-900F-1E6FAD8C25F2}"
EndProject
Project("{2150E333-8FDC-42A3-9474-1A3956D46DE8}") = "Tests", "Tests", "{F184B563-5448-4969-B4B9-820567CCF65F}"
EndProject
Project("{2150E333-8FDC-42A3-9474-1A3956D46DE8}") = "Common", "Common", "{D39E93B2-0C64-4C79-8D80-78CF717566CF}"
EndProject
Project("{2150E333-8FDC-42A3-9474-1A3956D46DE8}") = "Core", "Core", "{60FCE167-356C-464E-8079-264128C79A0D}"
EndProject
Project("{2150E333-8FDC-42A3-9474-1A3956D46DE8}") = "Infrastructure", "Infrastructure", "{2082EE24-1A17-4F23-8526-E361B51EEFBF}"
EndProject
Project("{2150E333-8FDC-42A3-9474-1A3956D46DE8}") = "Presentation", "Presentation", "{5BB68907-C134-4F9A-8263-17323965EE3A}"
EndProject
Project("{FAE04EC0-301F-11D3-BF4B-00C04F79EFBC}") = "Northwind2.Domain", "Northwind2.Domain\Northwind2.Domain.csproj", "{CAFA3BDC-D5E2-4AA4-A6CD-7137AE1B211F}"
EndProject
Project("{FAE04EC0-301F-11D3-BF4B-00C04F79EFBC}") = "Northwind2.ConsoleApp", "Northwind2.ConsoleApp\Northwind2.ConsoleApp.csproj", "{D666BC0F-BD80-4875-BCA6-A8D04A0A2272}"
EndProject
Project("{FAE04EC0-301F-11D3-BF4B-00C04F79EFBC}") = "Northwind2.Application", "Northwind2.Application\Northwind2.Application.csproj", "{1B28DB34-74DA-46FF-B25C-C4F506AC633C}"
EndProject
Project("{FAE04EC0-301F-11D3-BF4B-00C04F79EFBC}") = "Northwind2.Common", "Northwind2.Common\Northwind2.Common.csproj", "{611DB28E-A636-4953-9D5F-CDDE1CE0A120}"
EndProject
Project("{FAE04EC0-301F-11D3-BF4B-00C04F79EFBC}") = "Northwind2.Infrastructure", "Northwind2.Infrastructure\Northwind2.Infrastructure.csproj", "{C4DFA93B-2CE8-491C-ABF3-2850DDA8C380}"
EndProject
Project("{FAE04EC0-301F-11D3-BF4B-00C04F79EFBC}") = "Northwind2.Persistence", "Northwind2.Persistence\Northwind2.Persistence.csproj", "{52AD279D-406B-4EA6-9757-4618E6970CC6}"
EndProject
Global
	GlobalSection(SolutionConfigurationPlatforms) = preSolution
		Debug|Any CPU = Debug|Any CPU
		Release|Any CPU = Release|Any CPU
	EndGlobalSection
	GlobalSection(ProjectConfigurationPlatforms) = postSolution
		{0FE64629-043D-484A-955A-39DCECBC81A7}.Debug|Any CPU.ActiveCfg = Debug|Any CPU
		{0FE64629-043D-484A-955A-39DCECBC81A7}.Debug|Any CPU.Build.0 = Debug|Any CPU
		{0FE64629-043D-484A-955A-39DCECBC81A7}.Release|Any CPU.ActiveCfg = Release|Any CPU
		{0FE64629-043D-484A-955A-39DCECBC81A7}.Release|Any CPU.Build.0 = Release|Any CPU
		{CAFA3BDC-D5E2-4AA4-A6CD-7137AE1B211F}.Debug|Any CPU.ActiveCfg = Debug|Any CPU
		{CAFA3BDC-D5E2-4AA4-A6CD-7137AE1B211F}.Debug|Any CPU.Build.0 = Debug|Any CPU
		{CAFA3BDC-D5E2-4AA4-A6CD-7137AE1B211F}.Release|Any CPU.ActiveCfg = Release|Any CPU
		{CAFA3BDC-D5E2-4AA4-A6CD-7137AE1B211F}.Release|Any CPU.Build.0 = Release|Any CPU
		{D666BC0F-BD80-4875-BCA6-A8D04A0A2272}.Debug|Any CPU.ActiveCfg = Debug|Any CPU
		{D666BC0F-BD80-4875-BCA6-A8D04A0A2272}.Debug|Any CPU.Build.0 = Debug|Any CPU
		{D666BC0F-BD80-4875-BCA6-A8D04A0A2272}.Release|Any CPU.ActiveCfg = Release|Any CPU
		{D666BC0F-BD80-4875-BCA6-A8D04A0A2272}.Release|Any CPU.Build.0 = Release|Any CPU
		{1B28DB34-74DA-46FF-B25C-C4F506AC633C}.Debug|Any CPU.ActiveCfg = Debug|Any CPU
		{1B28DB34-74DA-46FF-B25C-C4F506AC633C}.Debug|Any CPU.Build.0 = Debug|Any CPU
		{1B28DB34-74DA-46FF-B25C-C4F506AC633C}.Release|Any CPU.ActiveCfg = Release|Any CPU
		{1B28DB34-74DA-46FF-B25C-C4F506AC633C}.Release|Any CPU.Build.0 = Release|Any CPU
		{611DB28E-A636-4953-9D5F-CDDE1CE0A120}.Debug|Any CPU.ActiveCfg = Debug|Any CPU
		{611DB28E-A636-4953-9D5F-CDDE1CE0A120}.Debug|Any CPU.Build.0 = Debug|Any CPU
		{611DB28E-A636-4953-9D5F-CDDE1CE0A120}.Release|Any CPU.ActiveCfg = Release|Any CPU
		{611DB28E-A636-4953-9D5F-CDDE1CE0A120}.Release|Any CPU.Build.0 = Release|Any CPU
		{C4DFA93B-2CE8-491C-ABF3-2850DDA8C380}.Debug|Any CPU.ActiveCfg = Debug|Any CPU
		{C4DFA93B-2CE8-491C-ABF3-2850DDA8C380}.Debug|Any CPU.Build.0 = Debug|Any CPU
		{C4DFA93B-2CE8-491C-ABF3-2850DDA8C380}.Release|Any CPU.ActiveCfg = Release|Any CPU
		{C4DFA93B-2CE8-491C-ABF3-2850DDA8C380}.Release|Any CPU.Build.0 = Release|Any CPU
		{52AD279D-406B-4EA6-9757-4618E6970CC6}.Debug|Any CPU.ActiveCfg = Debug|Any CPU
		{52AD279D-406B-4EA6-9757-4618E6970CC6}.Debug|Any CPU.Build.0 = Debug|Any CPU
		{52AD279D-406B-4EA6-9757-4618E6970CC6}.Release|Any CPU.ActiveCfg = Release|Any CPU
		{52AD279D-406B-4EA6-9757-4618E6970CC6}.Release|Any CPU.Build.0 = Release|Any CPU
	EndGlobalSection
	GlobalSection(SolutionProperties) = preSolution
		HideSolutionNode = FALSE
	EndGlobalSection
	GlobalSection(NestedProjects) = preSolution
		{D39E93B2-0C64-4C79-8D80-78CF717566CF} = {A1C75430-A732-47D4-900F-1E6FAD8C25F2}
		{60FCE167-356C-464E-8079-264128C79A0D} = {A1C75430-A732-47D4-900F-1E6FAD8C25F2}
		{2082EE24-1A17-4F23-8526-E361B51EEFBF} = {A1C75430-A732-47D4-900F-1E6FAD8C25F2}
		{5BB68907-C134-4F9A-8263-17323965EE3A} = {A1C75430-A732-47D4-900F-1E6FAD8C25F2}
		{CAFA3BDC-D5E2-4AA4-A6CD-7137AE1B211F} = {60FCE167-356C-464E-8079-264128C79A0D}
		{D666BC0F-BD80-4875-BCA6-A8D04A0A2272} = {5BB68907-C134-4F9A-8263-17323965EE3A}
		{1B28DB34-74DA-46FF-B25C-C4F506AC633C} = {60FCE167-356C-464E-8079-264128C79A0D}
		{611DB28E-A636-4953-9D5F-CDDE1CE0A120} = {D39E93B2-0C64-4C79-8D80-78CF717566CF}
		{C4DFA93B-2CE8-491C-ABF3-2850DDA8C380} = {2082EE24-1A17-4F23-8526-E361B51EEFBF}
		{52AD279D-406B-4EA6-9757-4618E6970CC6} = {2082EE24-1A17-4F23-8526-E361B51EEFBF}
	EndGlobalSection
	GlobalSection(ExtensibilityGlobals) = postSolution
		SolutionGuid = {73F8AB19-0C50-4D31-A181-9AFE42FABB4D}
	EndGlobalSection
EndGlobal
